
Microsoft Visual Studio Solution File, Format Version 12.00
# Visual Studio Version 17
VisualStudioVersion = 17.2.32630.192
MinimumVisualStudioVersion = 10.0.40219.1
Project("{FAE04EC0-301F-11D3-BF4B-00C04F79EFBC}") = "FeedLister", "FeedLister\FeedLister.csproj", "{DC3E7B5F-C93D-46AE-A422-A6A6AB551E3B}"
EndProject
Global
	GlobalSection(SolutionConfigurationPlatforms) = preSolution
		Debug|Any CPU = Debug|Any CPU
		Release|Any CPU = Release|Any CPU
	EndGlobalSection
	GlobalSection(ProjectConfigurationPlatforms) = postSolution
		{DC3E7B5F-C93D-46AE-A422-A6A6AB551E3B}.Debug|Any CPU.ActiveCfg = Debug|Any CPU
		{DC3E7B5F-C93D-46AE-A422-A6A6AB551E3B}.Debug|Any CPU.Build.0 = Debug|Any CPU
		{DC3E7B5F-C93D-46AE-A422-A6A6AB551E3B}.Release|Any CPU.ActiveCfg = Release|Any CPU
		{DC3E7B5F-C93D-46AE-A422-A6A6AB551E3B}.Release|Any CPU.Build.0 = Release|Any CPU
	EndGlobalSection
	GlobalSection(SolutionProperties) = preSolution
		HideSolutionNode = FALSE
	EndGlobalSection
	GlobalSection(ExtensibilityGlobals) = postSolution
		SolutionGuid = {4D3E648D-A804-40E0-AA90-B4569A238A9A}
	EndGlobalSection
EndGlobal
